
Microsoft Visual Studio Solution File, Format Version 12.00
# Visual Studio Version 16
VisualStudioVersion = 16.0.31229.75
MinimumVisualStudioVersion = 10.0.40219.1
Project("{9A19103F-16F7-4668-BE54-9A1E7A4F7556}") = "AuctionsPortal", "AuctionsPortal\AuctionsPortal.csproj", "{6479BBF0-77F1-4A65-B697-3C6A888E8837}"
EndProject
Global
	GlobalSection(SolutionConfigurationPlatforms) = preSolution
		Debug|Any CPU = Debug|Any CPU
		Release|Any CPU = Release|Any CPU
	EndGlobalSection
	GlobalSection(ProjectConfigurationPlatforms) = postSolution
		{6479BBF0-77F1-4A65-B697-3C6A888E8837}.Debug|Any CPU.ActiveCfg = Debug|Any CPU
		{6479BBF0-77F1-4A65-B697-3C6A888E8837}.Debug|Any CPU.Build.0 = Debug|Any CPU
		{6479BBF0-77F1-4A65-B697-3C6A888E8837}.Release|Any CPU.ActiveCfg = Release|Any CPU
		{6479BBF0-77F1-4A65-B697-3C6A888E8837}.Release|Any CPU.Build.0 = Release|Any CPU
	EndGlobalSection
	GlobalSection(SolutionProperties) = preSolution
		HideSolutionNode = FALSE
	EndGlobalSection
	GlobalSection(ExtensibilityGlobals) = postSolution
		SolutionGuid = {D6B18122-9BA1-4126-BD1C-DD67C3D0D04B}
	EndGlobalSection
EndGlobal
